// !$*UTF8*$!
{
	archiveVersion = 1;
	classes = {
	};
	objectVersion = 50;
	objects = {

/* Begin PBXBuildFile section */
		79EEC45B2418B4FA00941681 /* AppDelegate.swift in Sources */ = {isa = PBXBuildFile; fileRef = 79EEC45A2418B4FA00941681 /* AppDelegate.swift */; };
		79EEC45D2418B4FA00941681 /* SceneDelegate.swift in Sources */ = {isa = PBXBuildFile; fileRef = 79EEC45C2418B4FA00941681 /* SceneDelegate.swift */; };
		79EEC45F2418B4FA00941681 /* ViewController.swift in Sources */ = {isa = PBXBuildFile; fileRef = 79EEC45E2418B4FA00941681 /* ViewController.swift */; };
		79EEC4622418B4FA00941681 /* Main.storyboard in Resources */ = {isa = PBXBuildFile; fileRef = 79EEC4602418B4FA00941681 /* Main.storyboard */; };
		79EEC4642418B4FB00941681 /* Assets.xcassets in Resources */ = {isa = PBXBuildFile; fileRef = 79EEC4632418B4FB00941681 /* Assets.xcassets */; };
		79EEC4672418B4FB00941681 /* LaunchScreen.storyboard in Resources */ = {isa = PBXBuildFile; fileRef = 79EEC4652418B4FB00941681 /* LaunchScreen.storyboard */; };
		79EEC4722418B4FB00941681 /* FetchedMallTests.swift in Sources */ = {isa = PBXBuildFile; fileRef = 79EEC4712418B4FB00941681 /* FetchedMallTests.swift */; };
		79EEC47D2418B4FB00941681 /* FetchedMallUITests.swift in Sources */ = {isa = PBXBuildFile; fileRef = 79EEC47C2418B4FB00941681 /* FetchedMallUITests.swift */; };
/* End PBXBuildFile section */

/* Begin PBXContainerItemProxy section */
		79EEC46E2418B4FB00941681 /* PBXContainerItemProxy */ = {
			isa = PBXContainerItemProxy;
			containerPortal = 79EEC44F2418B4FA00941681 /* Project object */;
			proxyType = 1;
			remoteGlobalIDString = 79EEC4562418B4FA00941681;
			remoteInfo = FetchedMall;
		};
		79EEC4792418B4FB00941681 /* PBXContainerItemProxy */ = {
			isa = PBXContainerItemProxy;
			containerPortal = 79EEC44F2418B4FA00941681 /* Project object */;
			proxyType = 1;
			remoteGlobalIDString = 79EEC4562418B4FA00941681;
			remoteInfo = FetchedMall;
		};
/* End PBXContainerItemProxy section */

/* Begin PBXFileReference section */
		79EEC4572418B4FA00941681 /* FetchedMall.app */ = {isa = PBXFileReference; explicitFileType = wrapper.application; includeInIndex = 0; path = FetchedMall.app; sourceTree = BUILT_PRODUCTS_DIR; };
		79EEC45A2418B4FA00941681 /* AppDelegate.swift */ = {isa = PBXFileReference; lastKnownFileType = sourcecode.swift; path = AppDelegate.swift; sourceTree = "<group>"; };
		79EEC45C2418B4FA00941681 /* SceneDelegate.swift */ = {isa = PBXFileReference; lastKnownFileType = sourcecode.swift; path = SceneDelegate.swift; sourceTree = "<group>"; };
		79EEC45E2418B4FA00941681 /* ViewController.swift */ = {isa = PBXFileReference; lastKnownFileType = sourcecode.swift; path = ViewController.swift; sourceTree = "<group>"; };
		79EEC4612418B4FA00941681 /* Base */ = {isa = PBXFileReference; lastKnownFileType = file.storyboard; name = Base; path = Base.lproj/Main.storyboard; sourceTree = "<group>"; };
		79EEC4632418B4FB00941681 /* Assets.xcassets */ = {isa = PBXFileReference; lastKnownFileType = folder.assetcatalog; path = Assets.xcassets; sourceTree = "<group>"; };
		79EEC4662418B4FB00941681 /* Base */ = {isa = PBXFileReference; lastKnownFileType = file.storyboard; name = Base; path = Base.lproj/LaunchScreen.storyboard; sourceTree = "<group>"; };
		79EEC4682418B4FB00941681 /* Info.plist */ = {isa = PBXFileReference; lastKnownFileType = text.plist.xml; path = Info.plist; sourceTree = "<group>"; };
		79EEC46D2418B4FB00941681 /* FetchedMallTests.xctest */ = {isa = PBXFileReference; explicitFileType = wrapper.cfbundle; includeInIndex = 0; path = FetchedMallTests.xctest; sourceTree = BUILT_PRODUCTS_DIR; };
		79EEC4712418B4FB00941681 /* FetchedMallTests.swift */ = {isa = PBXFileReference; lastKnownFileType = sourcecode.swift; path = FetchedMallTests.swift; sourceTree = "<group>"; };
		79EEC4732418B4FB00941681 /* Info.plist */ = {isa = PBXFileReference; lastKnownFileType = text.plist.xml; path = Info.plist; sourceTree = "<group>"; };
		79EEC4782418B4FB00941681 /* FetchedMallUITests.xctest */ = {isa = PBXFileReference; explicitFileType = wrapper.cfbundle; includeInIndex = 0; path = FetchedMallUITests.xctest; sourceTree = BUILT_PRODUCTS_DIR; };
		79EEC47C2418B4FB00941681 /* FetchedMallUITests.swift */ = {isa = PBXFileReference; lastKnownFileType = sourcecode.swift; path = FetchedMallUITests.swift; sourceTree = "<group>"; };
		79EEC47E2418B4FB00941681 /* Info.plist */ = {isa = PBXFileReference; lastKnownFileType = text.plist.xml; path = Info.plist; sourceTree = "<group>"; };
/* End PBXFileReference section */

/* Begin PBXFrameworksBuildPhase section */
		79EEC4542418B4FA00941681 /* Frameworks */ = {
			isa = PBXFrameworksBuildPhase;
			buildActionMask = 2147483647;
			files = (
			);
			runOnlyForDeploymentPostprocessing = 0;
		};
		79EEC46A2418B4FB00941681 /* Frameworks */ = {
			isa = PBXFrameworksBuildPhase;
			buildActionMask = 2147483647;
			files = (
			);
			runOnlyForDeploymentPostprocessing = 0;
		};
		79EEC4752418B4FB00941681 /* Frameworks */ = {
			isa = PBXFrameworksBuildPhase;
			buildActionMask = 2147483647;
			files = (
			);
			runOnlyForDeploymentPostprocessing = 0;
		};
/* End PBXFrameworksBuildPhase section */

/* Begin PBXGroup section */
		79EEC44E2418B4FA00941681 = {
			isa = PBXGroup;
			children = (
				79EEC4592418B4FA00941681 /* FetchedMall */,
				79EEC4702418B4FB00941681 /* FetchedMallTests */,
				79EEC47B2418B4FB00941681 /* FetchedMallUITests */,
				79EEC4582418B4FA00941681 /* Products */,
			);
			sourceTree = "<group>";
		};
		79EEC4582418B4FA00941681 /* Products */ = {
			isa = PBXGroup;
			children = (
				79EEC4572418B4FA00941681 /* FetchedMall.app */,
				79EEC46D2418B4FB00941681 /* FetchedMallTests.xctest */,
				79EEC4782418B4FB00941681 /* FetchedMallUITests.xctest */,
			);
			name = Products;
			sourceTree = "<group>";
		};
		79EEC4592418B4FA00941681 /* FetchedMall */ = {
			isa = PBXGroup;
			children = (
				79EEC45A2418B4FA00941681 /* AppDelegate.swift */,
				79EEC45C2418B4FA00941681 /* SceneDelegate.swift */,
				79EEC45E2418B4FA00941681 /* ViewController.swift */,
				79EEC4602418B4FA00941681 /* Main.storyboard */,
				79EEC4632418B4FB00941681 /* Assets.xcassets */,
				79EEC4652418B4FB00941681 /* LaunchScreen.storyboard */,
				79EEC4682418B4FB00941681 /* Info.plist */,
			);
			path = FetchedMall;
			sourceTree = "<group>";
		};
		79EEC4702418B4FB00941681 /* FetchedMallTests */ = {
			isa = PBXGroup;
			children = (
				79EEC4712418B4FB00941681 /* FetchedMallTests.swift */,
				79EEC4732418B4FB00941681 /* Info.plist */,
			);
			path = FetchedMallTests;
			sourceTree = "<group>";
		};
		79EEC47B2418B4FB00941681 /* FetchedMallUITests */ = {
			isa = PBXGroup;
			children = (
				79EEC47C2418B4FB00941681 /* FetchedMallUITests.swift */,
				79EEC47E2418B4FB00941681 /* Info.plist */,
			);
			path = FetchedMallUITests;
			sourceTree = "<group>";
		};
/* End PBXGroup section */

/* Begin PBXNativeTarget section */
		79EEC4562418B4FA00941681 /* FetchedMall */ = {
			isa = PBXNativeTarget;
			buildConfigurationList = 79EEC4812418B4FB00941681 /* Build configuration list for PBXNativeTarget "FetchedMall" */;
			buildPhases = (
				79EEC4532418B4FA00941681 /* Sources */,
				79EEC4542418B4FA00941681 /* Frameworks */,
				79EEC4552418B4FA00941681 /* Resources */,
			);
			buildRules = (
			);
			dependencies = (
			);
			name = FetchedMall;
			productName = FetchedMall;
			productReference = 79EEC4572418B4FA00941681 /* FetchedMall.app */;
			productType = "com.apple.product-type.application";
		};
		79EEC46C2418B4FB00941681 /* FetchedMallTests */ = {
			isa = PBXNativeTarget;
			buildConfigurationList = 79EEC4842418B4FB00941681 /* Build configuration list for PBXNativeTarget "FetchedMallTests" */;
			buildPhases = (
				79EEC4692418B4FB00941681 /* Sources */,
				79EEC46A2418B4FB00941681 /* Frameworks */,
				79EEC46B2418B4FB00941681 /* Resources */,
			);
			buildRules = (
			);
			dependencies = (
				79EEC46F2418B4FB00941681 /* PBXTargetDependency */,
			);
			name = FetchedMallTests;
			productName = FetchedMallTests;
			productReference = 79EEC46D2418B4FB00941681 /* FetchedMallTests.xctest */;
			productType = "com.apple.product-type.bundle.unit-test";
		};
		79EEC4772418B4FB00941681 /* FetchedMallUITests */ = {
			isa = PBXNativeTarget;
			buildConfigurationList = 79EEC4872418B4FB00941681 /* Build configuration list for PBXNativeTarget "FetchedMallUITests" */;
			buildPhases = (
				79EEC4742418B4FB00941681 /* Sources */,
				79EEC4752418B4FB00941681 /* Frameworks */,
				79EEC4762418B4FB00941681 /* Resources */,
			);
			buildRules = (
			);
			dependencies = (
				79EEC47A2418B4FB00941681 /* PBXTargetDependency */,
			);
			name = FetchedMallUITests;
			productName = FetchedMallUITests;
			productReference = 79EEC4782418B4FB00941681 /* FetchedMallUITests.xctest */;
			productType = "com.apple.product-type.bundle.ui-testing";
		};
/* End PBXNativeTarget section */

/* Begin PBXProject section */
		79EEC44F2418B4FA00941681 /* Project object */ = {
			isa = PBXProject;
			attributes = {
				LastSwiftUpdateCheck = 1130;
				LastUpgradeCheck = 1130;
				ORGANIZATIONNAME = "Koketso Motsikwe (ZA)";
				TargetAttributes = {
					79EEC4562418B4FA00941681 = {
						CreatedOnToolsVersion = 11.3.1;
					};
					79EEC46C2418B4FB00941681 = {
						CreatedOnToolsVersion = 11.3.1;
						TestTargetID = 79EEC4562418B4FA00941681;
					};
					79EEC4772418B4FB00941681 = {
						CreatedOnToolsVersion = 11.3.1;
						TestTargetID = 79EEC4562418B4FA00941681;
					};
				};
			};
			buildConfigurationList = 79EEC4522418B4FA00941681 /* Build configuration list for PBXProject "FetchedMall" */;
			compatibilityVersion = "Xcode 9.3";
			developmentRegion = en;
			hasScannedForEncodings = 0;
			knownRegions = (
				en,
				Base,
			);
			mainGroup = 79EEC44E2418B4FA00941681;
			productRefGroup = 79EEC4582418B4FA00941681 /* Products */;
			projectDirPath = "";
			projectRoot = "";
			targets = (
				79EEC4562418B4FA00941681 /* FetchedMall */,
				79EEC46C2418B4FB00941681 /* FetchedMallTests */,
				79EEC4772418B4FB00941681 /* FetchedMallUITests */,
			);
		};
/* End PBXProject section */

/* Begin PBXResourcesBuildPhase section */
		79EEC4552418B4FA00941681 /* Resources */ = {
			isa = PBXResourcesBuildPhase;
			buildActionMask = 2147483647;
			files = (
				79EEC4672418B4FB00941681 /* LaunchScreen.storyboard in Resources */,
				79EEC4642418B4FB00941681 /* Assets.xcassets in Resources */,
				79EEC4622418B4FA00941681 /* Main.storyboard in Resources */,
			);
			runOnlyForDeploymentPostprocessing = 0;
		};
		79EEC46B2418B4FB00941681 /* Resources */ = {
			isa = PBXResourcesBuildPhase;
			buildActionMask = 2147483647;
			files = (
			);
			runOnlyForDeploymentPostprocessing = 0;
		};
		79EEC4762418B4FB00941681 /* Resources */ = {
			isa = PBXResourcesBuildPhase;
			buildActionMask = 2147483647;
			files = (
			);
			runOnlyForDeploymentPostprocessing = 0;
		};
/* End PBXResourcesBuildPhase section */

/* Begin PBXSourcesBuildPhase section */
		79EEC4532418B4FA00941681 /* Sources */ = {
			isa = PBXSourcesBuildPhase;
			buildActionMask = 2147483647;
			files = (
				79EEC45F2418B4FA00941681 /* ViewController.swift in Sources */,
				79EEC45B2418B4FA00941681 /* AppDelegate.swift in Sources */,
				79EEC45D2418B4FA00941681 /* SceneDelegate.swift in Sources */,
			);
			runOnlyForDeploymentPostprocessing = 0;
		};
		79EEC4692418B4FB00941681 /* Sources */ = {
			isa = PBXSourcesBuildPhase;
			buildActionMask = 2147483647;
			files = (
				79EEC4722418B4FB00941681 /* FetchedMallTests.swift in Sources */,
			);
			runOnlyForDeploymentPostprocessing = 0;
		};
		79EEC4742418B4FB00941681 /* Sources */ = {
			isa = PBXSourcesBuildPhase;
			buildActionMask = 2147483647;
			files = (
				79EEC47D2418B4FB00941681 /* FetchedMallUITests.swift in Sources */,
			);
			runOnlyForDeploymentPostprocessing = 0;
		};
/* End PBXSourcesBuildPhase section */

/* Begin PBXTargetDependency section */
		79EEC46F2418B4FB00941681 /* PBXTargetDependency */ = {
			isa = PBXTargetDependency;
			target = 79EEC4562418B4FA00941681 /* FetchedMall */;
			targetProxy = 79EEC46E2418B4FB00941681 /* PBXContainerItemProxy */;
		};
		79EEC47A2418B4FB00941681 /* PBXTargetDependency */ = {
			isa = PBXTargetDependency;
			target = 79EEC4562418B4FA00941681 /* FetchedMall */;
			targetProxy = 79EEC4792418B4FB00941681 /* PBXContainerItemProxy */;
		};
/* End PBXTargetDependency section */

/* Begin PBXVariantGroup section */
		79EEC4602418B4FA00941681 /* Main.storyboard */ = {
			isa = PBXVariantGroup;
			children = (
				79EEC4612418B4FA00941681 /* Base */,
			);
			name = Main.storyboard;
			sourceTree = "<group>";
		};
		79EEC4652418B4FB00941681 /* LaunchScreen.storyboard */ = {
			isa = PBXVariantGroup;
			children = (
				79EEC4662418B4FB00941681 /* Base */,
			);
			name = LaunchScreen.storyboard;
			sourceTree = "<group>";
		};
/* End PBXVariantGroup section */

/* Begin XCBuildConfiguration section */
		79EEC47F2418B4FB00941681 /* Debug */ = {
			isa = XCBuildConfiguration;
			buildSettings = {
				ALWAYS_SEARCH_USER_PATHS = NO;
				CLANG_ANALYZER_NONNULL = YES;
				CLANG_ANALYZER_NUMBER_OBJECT_CONVERSION = YES_AGGRESSIVE;
				CLANG_CXX_LANGUAGE_STANDARD = "gnu++14";
				CLANG_CXX_LIBRARY = "libc++";
				CLANG_ENABLE_MODULES = YES;
				CLANG_ENABLE_OBJC_ARC = YES;
				CLANG_ENABLE_OBJC_WEAK = YES;
				CLANG_WARN_BLOCK_CAPTURE_AUTORELEASING = YES;
				CLANG_WARN_BOOL_CONVERSION = YES;
				CLANG_WARN_COMMA = YES;
				CLANG_WARN_CONSTANT_CONVERSION = YES;
				CLANG_WARN_DEPRECATED_OBJC_IMPLEMENTATIONS = YES;
				CLANG_WARN_DIRECT_OBJC_ISA_USAGE = YES_ERROR;
				CLANG_WARN_DOCUMENTATION_COMMENTS = YES;
				CLANG_WARN_EMPTY_BODY = YES;
				CLANG_WARN_ENUM_CONVERSION = YES;
				CLANG_WARN_INFINITE_RECURSION = YES;
				CLANG_WARN_INT_CONVERSION = YES;
				CLANG_WARN_NON_LITERAL_NULL_CONVERSION = YES;
				CLANG_WARN_OBJC_IMPLICIT_RETAIN_SELF = YES;
				CLANG_WARN_OBJC_LITERAL_CONVERSION = YES;
				CLANG_WARN_OBJC_ROOT_CLASS = YES_ERROR;
				CLANG_WARN_RANGE_LOOP_ANALYSIS = YES;
				CLANG_WARN_STRICT_PROTOTYPES = YES;
				CLANG_WARN_SUSPICIOUS_MOVE = YES;
				CLANG_WARN_UNGUARDED_AVAILABILITY = YES_AGGRESSIVE;
				CLANG_WARN_UNREACHABLE_CODE = YES;
				CLANG_WARN__DUPLICATE_METHOD_MATCH = YES;
				COPY_PHASE_STRIP = NO;
				DEBUG_INFORMATION_FORMAT = dwarf;
				ENABLE_STRICT_OBJC_MSGSEND = YES;
				ENABLE_TESTABILITY = YES;
				GCC_C_LANGUAGE_STANDARD = gnu11;
				GCC_DYNAMIC_NO_PIC = NO;
				GCC_NO_COMMON_BLOCKS = YES;
				GCC_OPTIMIZATION_LEVEL = 0;
				GCC_PREPROCESSOR_DEFINITIONS = (
					"DEBUG=1",
					"$(inherited)",
				);
				GCC_WARN_64_TO_32_BIT_CONVERSION = YES;
				GCC_WARN_ABOUT_RETURN_TYPE = YES_ERROR;
				GCC_WARN_UNDECLARED_SELECTOR = YES;
				GCC_WARN_UNINITIALIZED_AUTOS = YES_AGGRESSIVE;
				GCC_WARN_UNUSED_FUNCTION = YES;
				GCC_WARN_UNUSED_VARIABLE = YES;
				IPHONEOS_DEPLOYMENT_TARGET = 13.2;
				MTL_ENABLE_DEBUG_INFO = INCLUDE_SOURCE;
				MTL_FAST_MATH = YES;
				ONLY_ACTIVE_ARCH = YES;
				SDKROOT = iphoneos;
				SWIFT_ACTIVE_COMPILATION_CONDITIONS = DEBUG;
				SWIFT_OPTIMIZATION_LEVEL = "-Onone";
			};
			name = Debug;
		};
		79EEC4802418B4FB00941681 /* Release */ = {
			isa = XCBuildConfiguration;
			buildSettings = {
				ALWAYS_SEARCH_USER_PATHS = NO;
				CLANG_ANALYZER_NONNULL = YES;
				CLANG_ANALYZER_NUMBER_OBJECT_CONVERSION = YES_AGGRESSIVE;
				CLANG_CXX_LANGUAGE_STANDARD = "gnu++14";
				CLANG_CXX_LIBRARY = "libc++";
				CLANG_ENABLE_MODULES = YES;
				CLANG_ENABLE_OBJC_ARC = YES;
				CLANG_ENABLE_OBJC_WEAK = YES;
				CLANG_WARN_BLOCK_CAPTURE_AUTORELEASING = YES;
				CLANG_WARN_BOOL_CONVERSION = YES;
				CLANG_WARN_COMMA = YES;
				CLANG_WARN_CONSTANT_CONVERSION = YES;
				CLANG_WARN_DEPRECATED_OBJC_IMPLEMENTATIONS = YES;
				CLANG_WARN_DIRECT_OBJC_ISA_USAGE = YES_ERROR;
				CLANG_WARN_DOCUMENTATION_COMMENTS = YES;
				CLANG_WARN_EMPTY_BODY = YES;
				CLANG_WARN_ENUM_CONVERSION = YES;
				CLANG_WARN_INFINITE_RECURSION = YES;
				CLANG_WARN_INT_CONVERSION = YES;
				CLANG_WARN_NON_LITERAL_NULL_CONVERSION = YES;
				CLANG_WARN_OBJC_IMPLICIT_RETAIN_SELF = YES;
				CLANG_WARN_OBJC_LITERAL_CONVERSION = YES;
				CLANG_WARN_OBJC_ROOT_CLASS = YES_ERROR;
				CLANG_WARN_RANGE_LOOP_ANALYSIS = YES;
				CLANG_WARN_STRICT_PROTOTYPES = YES;
				CLANG_WARN_SUSPICIOUS_MOVE = YES;
				CLANG_WARN_UNGUARDED_AVAILABILITY = YES_AGGRESSIVE;
				CLANG_WARN_UNREACHABLE_CODE = YES;
				CLANG_WARN__DUPLICATE_METHOD_MATCH = YES;
				COPY_PHASE_STRIP = NO;
				DEBUG_INFORMATION_FORMAT = "dwarf-with-dsym";
				ENABLE_NS_ASSERTIONS = NO;
				ENABLE_STRICT_OBJC_MSGSEND = YES;
				GCC_C_LANGUAGE_STANDARD = gnu11;
				GCC_NO_COMMON_BLOCKS = YES;
				GCC_WARN_64_TO_32_BIT_CONVERSION = YES;
				GCC_WARN_ABOUT_RETURN_TYPE = YES_ERROR;
				GCC_WARN_UNDECLARED_SELECTOR = YES;
				GCC_WARN_UNINITIALIZED_AUTOS = YES_AGGRESSIVE;
				GCC_WARN_UNUSED_FUNCTION = YES;
				GCC_WARN_UNUSED_VARIABLE = YES;
				IPHONEOS_DEPLOYMENT_TARGET = 13.2;
				MTL_ENABLE_DEBUG_INFO = NO;
				MTL_FAST_MATH = YES;
				SDKROOT = iphoneos;
				SWIFT_COMPILATION_MODE = wholemodule;
				SWIFT_OPTIMIZATION_LEVEL = "-O";
				VALIDATE_PRODUCT = YES;
			};
			name = Release;
		};
		79EEC4822418B4FB00941681 /* Debug */ = {
			isa = XCBuildConfiguration;
			buildSettings = {
				ASSETCATALOG_COMPILER_APPICON_NAME = AppIcon;
				CODE_SIGN_STYLE = Automatic;
				DEVELOPMENT_TEAM = H7HVJCNK8W;
				INFOPLIST_FILE = FetchedMall/Info.plist;
				LD_RUNPATH_SEARCH_PATHS = (
					"$(inherited)",
					"@executable_path/Frameworks",
				);
				PRODUCT_BUNDLE_IDENTIFIER = koketso.FetchedMall;
				PRODUCT_NAME = "$(TARGET_NAME)";
				SWIFT_VERSION = 5.0;
				TARGETED_DEVICE_FAMILY = "1,2";
			};
			name = Debug;
		};
		79EEC4832418B4FB00941681 /* Release */ = {
			isa = XCBuildConfiguration;
			buildSettings = {
				ASSETCATALOG_COMPILER_APPICON_NAME = AppIcon;
				CODE_SIGN_STYLE = Automatic;
				DEVELOPMENT_TEAM = H7HVJCNK8W;
				INFOPLIST_FILE = FetchedMall/Info.plist;
				LD_RUNPATH_SEARCH_PATHS = (
					"$(inherited)",
					"@executable_path/Frameworks",
				);
				PRODUCT_BUNDLE_IDENTIFIER = koketso.FetchedMall;
				PRODUCT_NAME = "$(TARGET_NAME)";
				SWIFT_VERSION = 5.0;
				TARGETED_DEVICE_FAMILY = "1,2";
			};
			name = Release;
		};
		79EEC4852418B4FB00941681 /* Debug */ = {
			isa = XCBuildConfiguration;
			buildSettings = {
				ALWAYS_EMBED_SWIFT_STANDARD_LIBRARIES = YES;
				BUNDLE_LOADER = "$(TEST_HOST)";
				CODE_SIGN_STYLE = Automatic;
				DEVELOPMENT_TEAM = H7HVJCNK8W;
				INFOPLIST_FILE = FetchedMallTests/Info.plist;
				IPHONEOS_DEPLOYMENT_TARGET = 13.2;
				LD_RUNPATH_SEARCH_PATHS = (
					"$(inherited)",
					"@executable_path/Frameworks",
					"@loader_path/Frameworks",
				);
				PRODUCT_BUNDLE_IDENTIFIER = koketso.FetchedMallTests;
				PRODUCT_NAME = "$(TARGET_NAME)";
				SWIFT_VERSION = 5.0;
				TARGETED_DEVICE_FAMILY = "1,2";
				TEST_HOST = "$(BUILT_PRODUCTS_DIR)/FetchedMall.app/FetchedMall";
			};
			name = Debug;
		};
		79EEC4862418B4FB00941681 /* Release */ = {
			isa = XCBuildConfiguration;
			buildSettings = {
				ALWAYS_EMBED_SWIFT_STANDARD_LIBRARIES = YES;
				BUNDLE_LOADER = "$(TEST_HOST)";
				CODE_SIGN_STYLE = Automatic;
				DEVELOPMENT_TEAM = H7HVJCNK8W;
				INFOPLIST_FILE = FetchedMallTests/Info.plist;
				IPHONEOS_DEPLOYMENT_TARGET = 13.2;
				LD_RUNPATH_SEARCH_PATHS = (
					"$(inherited)",
					"@executable_path/Frameworks",
					"@loader_path/Frameworks",
				);
				PRODUCT_BUNDLE_IDENTIFIER = koketso.FetchedMallTests;
				PRODUCT_NAME = "$(TARGET_NAME)";
				SWIFT_VERSION = 5.0;
				TARGETED_DEVICE_FAMILY = "1,2";
				TEST_HOST = "$(BUILT_PRODUCTS_DIR)/FetchedMall.app/FetchedMall";
			};
			name = Release;
		};
		79EEC4882418B4FB00941681 /* Debug */ = {
			isa = XCBuildConfiguration;
			buildSettings = {
				ALWAYS_EMBED_SWIFT_STANDARD_LIBRARIES = YES;
				CODE_SIGN_STYLE = Automatic;
				DEVELOPMENT_TEAM = H7HVJCNK8W;
				INFOPLIST_FILE = FetchedMallUITests/Info.plist;
				LD_RUNPATH_SEARCH_PATHS = (
					"$(inherited)",
					"@executable_path/Frameworks",
					"@loader_path/Frameworks",
				);
				PRODUCT_BUNDLE_IDENTIFIER = koketso.FetchedMallUITests;
				PRODUCT_NAME = "$(TARGET_NAME)";
				SWIFT_VERSION = 5.0;
				TARGETED_DEVICE_FAMILY = "1,2";
				TEST_TARGET_NAME = FetchedMall;
			};
			name = Debug;
		};
		79EEC4892418B4FB00941681 /* Release */ = {
			isa = XCBuildConfiguration;
			buildSettings = {
				ALWAYS_EMBED_SWIFT_STANDARD_LIBRARIES = YES;
				CODE_SIGN_STYLE = Automatic;
				DEVELOPMENT_TEAM = H7HVJCNK8W;
				INFOPLIST_FILE = FetchedMallUITests/Info.plist;
				LD_RUNPATH_SEARCH_PATHS = (
					"$(inherited)",
					"@executable_path/Frameworks",
					"@loader_path/Frameworks",
				);
				PRODUCT_BUNDLE_IDENTIFIER = koketso.FetchedMallUITests;
				PRODUCT_NAME = "$(TARGET_NAME)";
				SWIFT_VERSION = 5.0;
				TARGETED_DEVICE_FAMILY = "1,2";
				TEST_TARGET_NAME = FetchedMall;
			};
			name = Release;
		};
/* End XCBuildConfiguration section */

/* Begin XCConfigurationList section */
		79EEC4522418B4FA00941681 /* Build configuration list for PBXProject "FetchedMall" */ = {
			isa = XCConfigurationList;
			buildConfigurations = (
				79EEC47F2418B4FB00941681 /* Debug */,
				79EEC4802418B4FB00941681 /* Release */,
			);
			defaultConfigurationIsVisible = 0;
			defaultConfigurationName = Release;
		};
		79EEC4812418B4FB00941681 /* Build configuration list for PBXNativeTarget "FetchedMall" */ = {
			isa = XCConfigurationList;
			buildConfigurations = (
				79EEC4822418B4FB00941681 /* Debug */,
				79EEC4832418B4FB00941681 /* Release */,
			);
			defaultConfigurationIsVisible = 0;
			defaultConfigurationName = Release;
		};
		79EEC4842418B4FB00941681 /* Build configuration list for PBXNativeTarget "FetchedMallTests" */ = {
			isa = XCConfigurationList;
			buildConfigurations = (
				79EEC4852418B4FB00941681 /* Debug */,
				79EEC4862418B4FB00941681 /* Release */,
			);
			defaultConfigurationIsVisible = 0;
			defaultConfigurationName = Release;
		};
		79EEC4872418B4FB00941681 /* Build configuration list for PBXNativeTarget "FetchedMallUITests" */ = {
			isa = XCConfigurationList;
			buildConfigurations = (
				79EEC4882418B4FB00941681 /* Debug */,
				79EEC4892418B4FB00941681 /* Release */,
			);
			defaultConfigurationIsVisible = 0;
			defaultConfigurationName = Release;
		};
/* End XCConfigurationList section */
	};
	rootObject = 79EEC44F2418B4FA00941681 /* Project object */;
}
